// !$*UTF8*$!
{
	archiveVersion = 1;
	classes = {
	};
	objectVersion = 56;
	objects = {

/* Begin PBXBuildFile section */
		1C3954C729B8B15D00E630C4 /* HydratationApp.swift in Sources */ = {isa = PBXBuildFile; fileRef = 1C3954C629B8B15D00E630C4 /* HydratationApp.swift */; };
		1C3954C929B8B15D00E630C4 /* ContentView.swift in Sources */ = {isa = PBXBuildFile; fileRef = 1C3954C829B8B15D00E630C4 /* ContentView.swift */; };
		1C3954CB29B8B15E00E630C4 /* Assets.xcassets in Resources */ = {isa = PBXBuildFile; fileRef = 1C3954CA29B8B15E00E630C4 /* Assets.xcassets */; };
		1C3954CE29B8B15E00E630C4 /* Preview Assets.xcassets in Resources */ = {isa = PBXBuildFile; fileRef = 1C3954CD29B8B15E00E630C4 /* Preview Assets.xcassets */; };
		1C3954D529B8BB5D00E630C4 /* ProfileView.swift in Sources */ = {isa = PBXBuildFile; fileRef = 1C3954D429B8BB5D00E630C4 /* ProfileView.swift */; };
		1CD1083129C1F3710038B6C1 /* AddButtonView.swift in Sources */ = {isa = PBXBuildFile; fileRef = 1CD1083029C1F3710038B6C1 /* AddButtonView.swift */; };
		1CDBCA7B29C85DA100512617 /* ProfileViewModel.swift in Sources */ = {isa = PBXBuildFile; fileRef = 1CDBCA7A29C85DA100512617 /* ProfileViewModel.swift */; };
		1CE70FA329BF220B00226904 /* ProfileModel.swift in Sources */ = {isa = PBXBuildFile; fileRef = 1CE70FA229BF220B00226904 /* ProfileModel.swift */; };
		1CE70FA529BF2A0300226904 /* CircularGauge.swift in Sources */ = {isa = PBXBuildFile; fileRef = 1CE70FA429BF2A0300226904 /* CircularGauge.swift */; };
		1CE70FA729BF314500226904 /* HorizontalGauge.swift in Sources */ = {isa = PBXBuildFile; fileRef = 1CE70FA629BF314500226904 /* HorizontalGauge.swift */; };
/* End PBXBuildFile section */

/* Begin PBXFileReference section */
		1C3954C329B8B15D00E630C4 /* Hydratation.app */ = {isa = PBXFileReference; explicitFileType = wrapper.application; includeInIndex = 0; path = Hydratation.app; sourceTree = BUILT_PRODUCTS_DIR; };
		1C3954C629B8B15D00E630C4 /* HydratationApp.swift */ = {isa = PBXFileReference; lastKnownFileType = sourcecode.swift; path = HydratationApp.swift; sourceTree = "<group>"; };
		1C3954C829B8B15D00E630C4 /* ContentView.swift */ = {isa = PBXFileReference; lastKnownFileType = sourcecode.swift; path = ContentView.swift; sourceTree = "<group>"; };
		1C3954CA29B8B15E00E630C4 /* Assets.xcassets */ = {isa = PBXFileReference; lastKnownFileType = folder.assetcatalog; path = Assets.xcassets; sourceTree = "<group>"; };
		1C3954CD29B8B15E00E630C4 /* Preview Assets.xcassets */ = {isa = PBXFileReference; lastKnownFileType = folder.assetcatalog; path = "Preview Assets.xcassets"; sourceTree = "<group>"; };
		1C3954D429B8BB5D00E630C4 /* ProfileView.swift */ = {isa = PBXFileReference; lastKnownFileType = sourcecode.swift; path = ProfileView.swift; sourceTree = "<group>"; };
		1CD1083029C1F3710038B6C1 /* AddButtonView.swift */ = {isa = PBXFileReference; lastKnownFileType = sourcecode.swift; path = AddButtonView.swift; sourceTree = "<group>"; };
		1CDBCA7A29C85DA100512617 /* ProfileViewModel.swift */ = {isa = PBXFileReference; lastKnownFileType = sourcecode.swift; path = ProfileViewModel.swift; sourceTree = "<group>"; };
		1CE70FA229BF220B00226904 /* ProfileModel.swift */ = {isa = PBXFileReference; lastKnownFileType = sourcecode.swift; path = ProfileModel.swift; sourceTree = "<group>"; };
		1CE70FA429BF2A0300226904 /* CircularGauge.swift */ = {isa = PBXFileReference; lastKnownFileType = sourcecode.swift; path = CircularGauge.swift; sourceTree = "<group>"; };
		1CE70FA629BF314500226904 /* HorizontalGauge.swift */ = {isa = PBXFileReference; lastKnownFileType = sourcecode.swift; path = HorizontalGauge.swift; sourceTree = "<group>"; };
/* End PBXFileReference section */

/* Begin PBXFrameworksBuildPhase section */
		1C3954C029B8B15D00E630C4 /* Frameworks */ = {
			isa = PBXFrameworksBuildPhase;
			buildActionMask = 2147483647;
			files = (
			);
			runOnlyForDeploymentPostprocessing = 0;
		};
/* End PBXFrameworksBuildPhase section */

/* Begin PBXGroup section */
		1C3954BA29B8B15D00E630C4 = {
			isa = PBXGroup;
			children = (
				1CD1083029C1F3710038B6C1 /* AddButtonView.swift */,
				1C3954C529B8B15D00E630C4 /* Hydratation */,
				1C3954C429B8B15D00E630C4 /* Products */,
			);
			sourceTree = "<group>";
		};
		1C3954C429B8B15D00E630C4 /* Products */ = {
			isa = PBXGroup;
			children = (
				1C3954C329B8B15D00E630C4 /* Hydratation.app */,
			);
			name = Products;
			sourceTree = "<group>";
		};
		1C3954C529B8B15D00E630C4 /* Hydratation */ = {
			isa = PBXGroup;
			children = (
				1C3954C629B8B15D00E630C4 /* HydratationApp.swift */,
				1C3954C829B8B15D00E630C4 /* ContentView.swift */,
				1C3954D429B8BB5D00E630C4 /* ProfileView.swift */,
				1CE70FA429BF2A0300226904 /* CircularGauge.swift */,
				1CE70FA629BF314500226904 /* HorizontalGauge.swift */,
				1CDBCA7D29C85DB300512617 /* Model */,
				1CDBCA7C29C85DA600512617 /* ViewModel */,
				1C3954CA29B8B15E00E630C4 /* Assets.xcassets */,
				1C3954CC29B8B15E00E630C4 /* Preview Content */,
			);
			path = Hydratation;
			sourceTree = "<group>";
		};
		1C3954CC29B8B15E00E630C4 /* Preview Content */ = {
			isa = PBXGroup;
			children = (
				1C3954CD29B8B15E00E630C4 /* Preview Assets.xcassets */,
			);
			path = "Preview Content";
			sourceTree = "<group>";
		};
		1CDBCA7C29C85DA600512617 /* ViewModel */ = {
			isa = PBXGroup;
			children = (
				1CDBCA7A29C85DA100512617 /* ProfileViewModel.swift */,
			);
			path = ViewModel;
			sourceTree = "<group>";
		};
		1CDBCA7D29C85DB300512617 /* Model */ = {
			isa = PBXGroup;
			children = (
				1CE70FA229BF220B00226904 /* ProfileModel.swift */,
			);
			path = Model;
			sourceTree = "<group>";
		};
/* End PBXGroup section */

/* Begin PBXNativeTarget section */
		1C3954C229B8B15D00E630C4 /* Hydratation */ = {
			isa = PBXNativeTarget;
			buildConfigurationList = 1C3954D129B8B15E00E630C4 /* Build configuration list for PBXNativeTarget "Hydratation" */;
			buildPhases = (
				1C3954BF29B8B15D00E630C4 /* Sources */,
				1C3954C029B8B15D00E630C4 /* Frameworks */,
				1C3954C129B8B15D00E630C4 /* Resources */,
			);
			buildRules = (
			);
			dependencies = (
			);
			name = Hydratation;
			productName = Hydratation;
			productReference = 1C3954C329B8B15D00E630C4 /* Hydratation.app */;
			productType = "com.apple.product-type.application";
		};
/* End PBXNativeTarget section */

/* Begin PBXProject section */
		1C3954BB29B8B15D00E630C4 /* Project object */ = {
			isa = PBXProject;
			attributes = {
				BuildIndependentTargetsInParallel = 1;
				LastSwiftUpdateCheck = 1420;
				LastUpgradeCheck = 1420;
				TargetAttributes = {
					1C3954C229B8B15D00E630C4 = {
						CreatedOnToolsVersion = 14.2;
					};
				};
			};
			buildConfigurationList = 1C3954BE29B8B15D00E630C4 /* Build configuration list for PBXProject "Hydratation" */;
			compatibilityVersion = "Xcode 14.0";
			developmentRegion = en;
			hasScannedForEncodings = 0;
			knownRegions = (
				en,
				Base,
			);
			mainGroup = 1C3954BA29B8B15D00E630C4;
			productRefGroup = 1C3954C429B8B15D00E630C4 /* Products */;
			projectDirPath = "";
			projectRoot = "";
			targets = (
				1C3954C229B8B15D00E630C4 /* Hydratation */,
			);
		};
/* End PBXProject section */

/* Begin PBXResourcesBuildPhase section */
		1C3954C129B8B15D00E630C4 /* Resources */ = {
			isa = PBXResourcesBuildPhase;
			buildActionMask = 2147483647;
			files = (
				1C3954CE29B8B15E00E630C4 /* Preview Assets.xcassets in Resources */,
				1C3954CB29B8B15E00E630C4 /* Assets.xcassets in Resources */,
			);
			runOnlyForDeploymentPostprocessing = 0;
		};
/* End PBXResourcesBuildPhase section */

/* Begin PBXSourcesBuildPhase section */
		1C3954BF29B8B15D00E630C4 /* Sources */ = {
			isa = PBXSourcesBuildPhase;
			buildActionMask = 2147483647;
			files = (
				1CD1083129C1F3710038B6C1 /* AddButtonView.swift in Sources */,
				1C3954C929B8B15D00E630C4 /* ContentView.swift in Sources */,
				1CE70FA729BF314500226904 /* HorizontalGauge.swift in Sources */,
				1CE70FA529BF2A0300226904 /* CircularGauge.swift in Sources */,
				1C3954D529B8BB5D00E630C4 /* ProfileView.swift in Sources */,
				1C3954C729B8B15D00E630C4 /* HydratationApp.swift in Sources */,
				1CDBCA7B29C85DA100512617 /* ProfileViewModel.swift in Sources */,
				1CE70FA329BF220B00226904 /* ProfileModel.swift in Sources */,
			);
			runOnlyForDeploymentPostprocessing = 0;
		};
/* End PBXSourcesBuildPhase section */

/* Begin XCBuildConfiguration section */
		1C3954CF29B8B15E00E630C4 /* Debug */ = {
			isa = XCBuildConfiguration;
			buildSettings = {
				ALWAYS_SEARCH_USER_PATHS = NO;
				CLANG_ANALYZER_NONNULL = YES;
				CLANG_ANALYZER_NUMBER_OBJECT_CONVERSION = YES_AGGRESSIVE;
				CLANG_CXX_LANGUAGE_STANDARD = "gnu++20";
				CLANG_ENABLE_MODULES = YES;
				CLANG_ENABLE_OBJC_ARC = YES;
				CLANG_ENABLE_OBJC_WEAK = YES;
				CLANG_WARN_BLOCK_CAPTURE_AUTORELEASING = YES;
				CLANG_WARN_BOOL_CONVERSION = YES;
				CLANG_WARN_COMMA = YES;
				CLANG_WARN_CONSTANT_CONVERSION = YES;
				CLANG_WARN_DEPRECATED_OBJC_IMPLEMENTATIONS = YES;
				CLANG_WARN_DIRECT_OBJC_ISA_USAGE = YES_ERROR;
				CLANG_WARN_DOCUMENTATION_COMMENTS = YES;
				CLANG_WARN_EMPTY_BODY = YES;
				CLANG_WARN_ENUM_CONVERSION = YES;
				CLANG_WARN_INFINITE_RECURSION = YES;
				CLANG_WARN_INT_CONVERSION = YES;
				CLANG_WARN_NON_LITERAL_NULL_CONVERSION = YES;
				CLANG_WARN_OBJC_IMPLICIT_RETAIN_SELF = YES;
				CLANG_WARN_OBJC_LITERAL_CONVERSION = YES;
				CLANG_WARN_OBJC_ROOT_CLASS = YES_ERROR;
				CLANG_WARN_QUOTED_INCLUDE_IN_FRAMEWORK_HEADER = YES;
				CLANG_WARN_RANGE_LOOP_ANALYSIS = YES;
				CLANG_WARN_STRICT_PROTOTYPES = YES;
				CLANG_WARN_SUSPICIOUS_MOVE = YES;
				CLANG_WARN_UNGUARDED_AVAILABILITY = YES_AGGRESSIVE;
				CLANG_WARN_UNREACHABLE_CODE = YES;
				CLANG_WARN__DUPLICATE_METHOD_MATCH = YES;
				COPY_PHASE_STRIP = NO;
				DEBUG_INFORMATION_FORMAT = dwarf;
				ENABLE_STRICT_OBJC_MSGSEND = YES;
				ENABLE_TESTABILITY = YES;
				GCC_C_LANGUAGE_STANDARD = gnu11;
				GCC_DYNAMIC_NO_PIC = NO;
				GCC_NO_COMMON_BLOCKS = YES;
				GCC_OPTIMIZATION_LEVEL = 0;
				GCC_PREPROCESSOR_DEFINITIONS = (
					"DEBUG=1",
					"$(inherited)",
				);
				GCC_WARN_64_TO_32_BIT_CONVERSION = YES;
				GCC_WARN_ABOUT_RETURN_TYPE = YES_ERROR;
				GCC_WARN_UNDECLARED_SELECTOR = YES;
				GCC_WARN_UNINITIALIZED_AUTOS = YES_AGGRESSIVE;
				GCC_WARN_UNUSED_FUNCTION = YES;
				GCC_WARN_UNUSED_VARIABLE = YES;
				IPHONEOS_DEPLOYMENT_TARGET = 16.2;
				MTL_ENABLE_DEBUG_INFO = INCLUDE_SOURCE;
				MTL_FAST_MATH = YES;
				ONLY_ACTIVE_ARCH = YES;
				SDKROOT = iphoneos;
				SWIFT_ACTIVE_COMPILATION_CONDITIONS = DEBUG;
				SWIFT_OPTIMIZATION_LEVEL = "-Onone";
			};
			name = Debug;
		};
		1C3954D029B8B15E00E630C4 /* Release */ = {
			isa = XCBuildConfiguration;
			buildSettings = {
				ALWAYS_SEARCH_USER_PATHS = NO;
				CLANG_ANALYZER_NONNULL = YES;
				CLANG_ANALYZER_NUMBER_OBJECT_CONVERSION = YES_AGGRESSIVE;
				CLANG_CXX_LANGUAGE_STANDARD = "gnu++20";
				CLANG_ENABLE_MODULES = YES;
				CLANG_ENABLE_OBJC_ARC = YES;
				CLANG_ENABLE_OBJC_WEAK = YES;
				CLANG_WARN_BLOCK_CAPTURE_AUTORELEASING = YES;
				CLANG_WARN_BOOL_CONVERSION = YES;
				CLANG_WARN_COMMA = YES;
				CLANG_WARN_CONSTANT_CONVERSION = YES;
				CLANG_WARN_DEPRECATED_OBJC_IMPLEMENTATIONS = YES;
				CLANG_WARN_DIRECT_OBJC_ISA_USAGE = YES_ERROR;
				CLANG_WARN_DOCUMENTATION_COMMENTS = YES;
				CLANG_WARN_EMPTY_BODY = YES;
				CLANG_WARN_ENUM_CONVERSION = YES;
				CLANG_WARN_INFINITE_RECURSION = YES;
				CLANG_WARN_INT_CONVERSION = YES;
				CLANG_WARN_NON_LITERAL_NULL_CONVERSION = YES;
				CLANG_WARN_OBJC_IMPLICIT_RETAIN_SELF = YES;
				CLANG_WARN_OBJC_LITERAL_CONVERSION = YES;
				CLANG_WARN_OBJC_ROOT_CLASS = YES_ERROR;
				CLANG_WARN_QUOTED_INCLUDE_IN_FRAMEWORK_HEADER = YES;
				CLANG_WARN_RANGE_LOOP_ANALYSIS = YES;
				CLANG_WARN_STRICT_PROTOTYPES = YES;
				CLANG_WARN_SUSPICIOUS_MOVE = YES;
				CLANG_WARN_UNGUARDED_AVAILABILITY = YES_AGGRESSIVE;
				CLANG_WARN_UNREACHABLE_CODE = YES;
				CLANG_WARN__DUPLICATE_METHOD_MATCH = YES;
				COPY_PHASE_STRIP = NO;
				DEBUG_INFORMATION_FORMAT = "dwarf-with-dsym";
				ENABLE_NS_ASSERTIONS = NO;
				ENABLE_STRICT_OBJC_MSGSEND = YES;
				GCC_C_LANGUAGE_STANDARD = gnu11;
				GCC_NO_COMMON_BLOCKS = YES;
				GCC_WARN_64_TO_32_BIT_CONVERSION = YES;
				GCC_WARN_ABOUT_RETURN_TYPE = YES_ERROR;
				GCC_WARN_UNDECLARED_SELECTOR = YES;
				GCC_WARN_UNINITIALIZED_AUTOS = YES_AGGRESSIVE;
				GCC_WARN_UNUSED_FUNCTION = YES;
				GCC_WARN_UNUSED_VARIABLE = YES;
				IPHONEOS_DEPLOYMENT_TARGET = 16.2;
				MTL_ENABLE_DEBUG_INFO = NO;
				MTL_FAST_MATH = YES;
				SDKROOT = iphoneos;
				SWIFT_COMPILATION_MODE = wholemodule;
				SWIFT_OPTIMIZATION_LEVEL = "-O";
				VALIDATE_PRODUCT = YES;
			};
			name = Release;
		};
		1C3954D229B8B15E00E630C4 /* Debug */ = {
			isa = XCBuildConfiguration;
			buildSettings = {
				ASSETCATALOG_COMPILER_APPICON_NAME = AppIcon;
				ASSETCATALOG_COMPILER_GLOBAL_ACCENT_COLOR_NAME = AccentColor;
				CODE_SIGN_STYLE = Automatic;
				CURRENT_PROJECT_VERSION = 1;
				DEVELOPMENT_ASSET_PATHS = "\"Hydratation/Preview Content\"";
				ENABLE_PREVIEWS = YES;
				GENERATE_INFOPLIST_FILE = YES;
				INFOPLIST_KEY_UIApplicationSceneManifest_Generation = YES;
				INFOPLIST_KEY_UIApplicationSupportsIndirectInputEvents = YES;
				INFOPLIST_KEY_UILaunchScreen_Generation = YES;
				INFOPLIST_KEY_UISupportedInterfaceOrientations_iPad = "UIInterfaceOrientationPortrait UIInterfaceOrientationPortraitUpsideDown UIInterfaceOrientationLandscapeLeft UIInterfaceOrientationLandscapeRight";
				INFOPLIST_KEY_UISupportedInterfaceOrientations_iPhone = "UIInterfaceOrientationPortrait UIInterfaceOrientationLandscapeLeft UIInterfaceOrientationLandscapeRight";
				LD_RUNPATH_SEARCH_PATHS = (
					"$(inherited)",
					"@executable_path/Frameworks",
				);
				MARKETING_VERSION = 1.0;
				PRODUCT_BUNDLE_IDENTIFIER = "com.iutbm.perrin-theveneau.Hydratation";
				PRODUCT_NAME = "$(TARGET_NAME)";
				SWIFT_EMIT_LOC_STRINGS = YES;
				SWIFT_VERSION = 5.0;
				TARGETED_DEVICE_FAMILY = "1,2";
			};
			name = Debug;
		};
		1C3954D329B8B15E00E630C4 /* Release */ = {
			isa = XCBuildConfiguration;
			buildSettings = {
				ASSETCATALOG_COMPILER_APPICON_NAME = AppIcon;
				ASSETCATALOG_COMPILER_GLOBAL_ACCENT_COLOR_NAME = AccentColor;
				CODE_SIGN_STYLE = Automatic;
				CURRENT_PROJECT_VERSION = 1;
				DEVELOPMENT_ASSET_PATHS = "\"Hydratation/Preview Content\"";
				ENABLE_PREVIEWS = YES;
				GENERATE_INFOPLIST_FILE = YES;
				INFOPLIST_KEY_UIApplicationSceneManifest_Generation = YES;
				INFOPLIST_KEY_UIApplicationSupportsIndirectInputEvents = YES;
				INFOPLIST_KEY_UILaunchScreen_Generation = YES;
				INFOPLIST_KEY_UISupportedInterfaceOrientations_iPad = "UIInterfaceOrientationPortrait UIInterfaceOrientationPortraitUpsideDown UIInterfaceOrientationLandscapeLeft UIInterfaceOrientationLandscapeRight";
				INFOPLIST_KEY_UISupportedInterfaceOrientations_iPhone = "UIInterfaceOrientationPortrait UIInterfaceOrientationLandscapeLeft UIInterfaceOrientationLandscapeRight";
				LD_RUNPATH_SEARCH_PATHS = (
					"$(inherited)",
					"@executable_path/Frameworks",
				);
				MARKETING_VERSION = 1.0;
				PRODUCT_BUNDLE_IDENTIFIER = "com.iutbm.perrin-theveneau.Hydratation";
				PRODUCT_NAME = "$(TARGET_NAME)";
				SWIFT_EMIT_LOC_STRINGS = YES;
				SWIFT_VERSION = 5.0;
				TARGETED_DEVICE_FAMILY = "1,2";
			};
			name = Release;
		};
/* End XCBuildConfiguration section */

/* Begin XCConfigurationList section */
		1C3954BE29B8B15D00E630C4 /* Build configuration list for PBXProject "Hydratation" */ = {
			isa = XCConfigurationList;
			buildConfigurations = (
				1C3954CF29B8B15E00E630C4 /* Debug */,
				1C3954D029B8B15E00E630C4 /* Release */,
			);
			defaultConfigurationIsVisible = 0;
			defaultConfigurationName = Release;
		};
		1C3954D129B8B15E00E630C4 /* Build configuration list for PBXNativeTarget "Hydratation" */ = {
			isa = XCConfigurationList;
			buildConfigurations = (
				1C3954D229B8B15E00E630C4 /* Debug */,
				1C3954D329B8B15E00E630C4 /* Release */,
			);
			defaultConfigurationIsVisible = 0;
			defaultConfigurationName = Release;
		};
/* End XCConfigurationList section */
	};
	rootObject = 1C3954BB29B8B15D00E630C4 /* Project object */;
}
